
Microsoft Visual Studio Solution File, Format Version 11.00
# Visual Studio 2010
Project("{8BC9CEB8-8B4A-11D0-8D11-00A0C91BC942}") = "xlsx2Lua", "xlsx2Lua\xlsx2Lua.vcxproj", "{78462D13-39D8-43BD-8A65-89C5ED396D14}"
EndProject
Global
	GlobalSection(SolutionConfigurationPlatforms) = preSolution
		Debug|Win32 = Debug|Win32
		Release|Win32 = Release|Win32
	EndGlobalSection
	GlobalSection(ProjectConfigurationPlatforms) = postSolution
		{78462D13-39D8-43BD-8A65-89C5ED396D14}.Debug|Win32.ActiveCfg = Debug|Win32
		{78462D13-39D8-43BD-8A65-89C5ED396D14}.Debug|Win32.Build.0 = Debug|Win32
		{78462D13-39D8-43BD-8A65-89C5ED396D14}.Release|Win32.ActiveCfg = Release|Win32
		{78462D13-39D8-43BD-8A65-89C5ED396D14}.Release|Win32.Build.0 = Release|Win32
	EndGlobalSection
	GlobalSection(SolutionProperties) = preSolution
		HideSolutionNode = FALSE
	EndGlobalSection
EndGlobal
